
Microsoft Visual Studio Solution File, Format Version 12.00
# Visual Studio Version 16
VisualStudioVersion = 16.0.29728.190
MinimumVisualStudioVersion = 10.0.40219.1
Project("{FAE04EC0-301F-11D3-BF4B-00C04F79EFBC}") = "csc237_gtanaka_Bethanys", "csc237_gtanaka_Bethanys.csproj", "{93C5609B-CB3A-42CA-953D-1A1DF95C582B}"
EndProject
Global
	GlobalSection(SolutionConfigurationPlatforms) = preSolution
		Debug|Any CPU = Debug|Any CPU
		Release|Any CPU = Release|Any CPU
	EndGlobalSection
	GlobalSection(ProjectConfigurationPlatforms) = postSolution
		{93C5609B-CB3A-42CA-953D-1A1DF95C582B}.Debug|Any CPU.ActiveCfg = Debug|Any CPU
		{93C5609B-CB3A-42CA-953D-1A1DF95C582B}.Debug|Any CPU.Build.0 = Debug|Any CPU
		{93C5609B-CB3A-42CA-953D-1A1DF95C582B}.Release|Any CPU.ActiveCfg = Release|Any CPU
		{93C5609B-CB3A-42CA-953D-1A1DF95C582B}.Release|Any CPU.Build.0 = Release|Any CPU
	EndGlobalSection
	GlobalSection(SolutionProperties) = preSolution
		HideSolutionNode = FALSE
	EndGlobalSection
	GlobalSection(ExtensibilityGlobals) = postSolution
		SolutionGuid = {8E1FC2CB-44FB-475E-8AC8-B0D2B94DE27A}
	EndGlobalSection
EndGlobal
